PODS:
  - KIF (3.3.2):
    - KIF/Core (= 3.3.2)
  - KIF/Core (3.3.2)
  - NBNRealmBrowser (0.5.0.1):
    - Realm (~> 3.5.0)
  - Realm (3.5.0):
    - Realm/Headers (= 3.5.0)
  - Realm/Headers (3.5.0)

DEPENDENCIES:
  - KIF (~> 3.3.0)
  - NBNRealmBrowser (from `../`)

EXTERNAL SOURCES:
  NBNRealmBrowser:
    :path: ../

SPEC CHECKSUMS:
  KIF: 9de83fa627adaf65d28ace31e40f19d830bc255c
  NBNRealmBrowser: 58e7db109099225b95b63461884e540d97ac514b
  Realm: 0378021c424e4e2bd6a0e63b27881e929d9b9ad1

PODFILE CHECKSUM: 4b17807ea5e194610f4689fa1d6de644dc1ce9db

COCOAPODS: 1.4.0
